
Microsoft Visual Studio Solution File, Format Version 12.00
# Visual Studio Version 17
VisualStudioVersion = 17.14.37216.2 d17.14
MinimumVisualStudioVersion = 10.0.40219.1
Project("{FAE04EC0-301F-11D3-BF4B-00C04F79EFBC}") = "DVLD", "DVLD.csproj", "{F74D8092-D207-4E78-B857-AD7184601CD8}"
EndProject
Project("{FAE04EC0-301F-11D3-BF4B-00C04F79EFBC}") = "DVLD_Buisness", "..\DVLD_Buisness\DVLD_Buisness.csproj", "{0525879C-C11F-4D47-9DF2-C7B5CF8D04DA}"
EndProject
Project("{FAE04EC0-301F-11D3-BF4B-00C04F79EFBC}") = "DVLD_DataAccess", "..\DVLD_DataAccess\DVLD_DataAccess.csproj", "{4BFF214A-3465-4BE7-A76E-F4EAF59AD5A0}"
EndProject
Global
	GlobalSection(SolutionConfigurationPlatforms) = preSolution
		Debug|Any CPU = Debug|Any CPU
		Release|Any CPU = Release|Any CPU
	EndGlobalSection
	GlobalSection(ProjectConfigurationPlatforms) = postSolution
		{F74D8092-D207-4E78-B857-AD7184601CD8}.Debug|Any CPU.ActiveCfg = Debug|Any CPU
		{F74D8092-D207-4E78-B857-AD7184601CD8}.Debug|Any CPU.Build.0 = Debug|Any CPU
		{F74D8092-D207-4E78-B857-AD7184601CD8}.Release|Any CPU.ActiveCfg = Release|Any CPU
		{F74D8092-D207-4E78-B857-AD7184601CD8}.Release|Any CPU.Build.0 = Release|Any CPU
		{0525879C-C11F-4D47-9DF2-C7B5CF8D04DA}.Debug|Any CPU.ActiveCfg = Debug|Any CPU
		{0525879C-C11F-4D47-9DF2-C7B5CF8D04DA}.Debug|Any CPU.Build.0 = Debug|Any CPU
		{0525879C-C11F-4D47-9DF2-C7B5CF8D04DA}.Release|Any CPU.ActiveCfg = Release|Any CPU
		{0525879C-C11F-4D47-9DF2-C7B5CF8D04DA}.Release|Any CPU.Build.0 = Release|Any CPU
		{4BFF214A-3465-4BE7-A76E-F4EAF59AD5A0}.Debug|Any CPU.ActiveCfg = Debug|Any CPU
		{4BFF214A-3465-4BE7-A76E-F4EAF59AD5A0}.Debug|Any CPU.Build.0 = Debug|Any CPU
		{4BFF214A-3465-4BE7-A76E-F4EAF59AD5A0}.Release|Any CPU.ActiveCfg = Release|Any CPU
		{4BFF214A-3465-4BE7-A76E-F4EAF59AD5A0}.Release|Any CPU.Build.0 = Release|Any CPU
	EndGlobalSection
	GlobalSection(SolutionProperties) = preSolution
		HideSolutionNode = FALSE
	EndGlobalSection
	GlobalSection(ExtensibilityGlobals) = postSolution
		SolutionGuid = {A0D331E1-2BCA-4047-AF2A-2F8926480DB7}
	EndGlobalSection
EndGlobal
